# THIS IS AN AUTOGENERATED FILE. DO NOT EDIT THIS FILE DIRECTLY.
# yarn lockfile v1


bourbon@^5.1.0:
  version "5.1.0"
  resolved "https://registry.yarnpkg.com/bourbon/-/bourbon-5.1.0.tgz#84fa10de4c4e837602d8c2ec716d74bcb8915bad"
  integrity sha512-rO4rwNAVNuzPmnL+DruxAe7DR2YFFo4nHsgDVRd9URMgDxtHmVBUnvFLXPan6teVe7jkybCyxcnR+CKClotj3g==
